
Microsoft Visual Studio Solution File, Format Version 12.00
# Visual Studio Version 17
VisualStudioVersion = 17.4.33213.308
MinimumVisualStudioVersion = 10.0.40219.1
Project("{8BC9CEB8-8B4A-11D0-8D11-00A0C91BC942}") = "ModelConverter", "ModelConverter\ModelConverter.vcxproj", "{F66F2998-C398-4E26-B16C-74D26BF0A3C9}"
EndProject
Global
	GlobalSection(SolutionConfigurationPlatforms) = preSolution
		Debug|x64 = Debug|x64
		Debug|x86 = Debug|x86
		Release|x64 = Release|x64
		Release|x86 = Release|x86
	EndGlobalSection
	GlobalSection(ProjectConfigurationPlatforms) = postSolution
		{F66F2998-C398-4E26-B16C-74D26BF0A3C9}.Debug|x64.ActiveCfg = Debug|x64
		{F66F2998-C398-4E26-B16C-74D26BF0A3C9}.Debug|x64.Build.0 = Debug|x64
		{F66F2998-C398-4E26-B16C-74D26BF0A3C9}.Debug|x86.ActiveCfg = Debug|Win32
		{F66F2998-C398-4E26-B16C-74D26BF0A3C9}.Debug|x86.Build.0 = Debug|Win32
		{F66F2998-C398-4E26-B16C-74D26BF0A3C9}.Release|x64.ActiveCfg = Release|x64
		{F66F2998-C398-4E26-B16C-74D26BF0A3C9}.Release|x64.Build.0 = Release|x64
		{F66F2998-C398-4E26-B16C-74D26BF0A3C9}.Release|x86.ActiveCfg = Release|Win32
		{F66F2998-C398-4E26-B16C-74D26BF0A3C9}.Release|x86.Build.0 = Release|Win32
	EndGlobalSection
	GlobalSection(SolutionProperties) = preSolution
		HideSolutionNode = FALSE
	EndGlobalSection
	GlobalSection(ExtensibilityGlobals) = postSolution
		SolutionGuid = {C9FA55CE-D989-4561-950A-EA485FA3E982}
	EndGlobalSection
EndGlobal
